<Solution>
  <Folder Name="/src/">
    <Project Path="src/Subterra.Assets/Subterra.Assets.csproj" />
    <Project Path="src/Subterra.Editor/Subterra.Editor.csproj" />
    <Project Path="src/Subterra.Game/Subterra.Game.csproj" />
    <Project Path="src/Subterra.Spectrum/Subterra.Spectrum.csproj" />
    <Project Path="src/Subterra.Tools/Subterra.Tools.csproj" />
  </Folder>
</Solution>
